
Microsoft Visual Studio Solution File, Format Version 12.00
# Visual Studio 14
VisualStudioVersion = 14.0.23107.0
MinimumVisualStudioVersion = 10.0.40219.1
Project("{8BC9CEB8-8B4A-11D0-8D11-00A0C91BC942}") = "MikanLib2015All", "MikanLib2015All.vcxproj", "{8DEB0BA4-A863-4445-BFD9-9BB0CE53F6C3}"
EndProject
Project("{8BC9CEB8-8B4A-11D0-8D11-00A0C91BC942}") = "DirectXDraw2015", "DirectXDraw\DirectXDraw2015.vcxproj", "{646B3999-5393-4BA0-83B0-389D2C685AD3}"
EndProject
Project("{8BC9CEB8-8B4A-11D0-8D11-00A0C91BC942}") = "DirectXInput2015", "DirectXInput\DirectXInput2015.vcxproj", "{23B84096-715F-4ECE-A2DD-13D3140C4847}"
EndProject
Project("{8BC9CEB8-8B4A-11D0-8D11-00A0C91BC942}") = "FileIO2015", "FileIO\FileIO2015.vcxproj", "{E9791260-AD10-4186-9A7F-77579BA8D27E}"
EndProject
Project("{8BC9CEB8-8B4A-11D0-8D11-00A0C91BC942}") = "MikanIO2015", "MikanIO\MikanIO2015.vcxproj", "{CC84F263-17C6-4CD4-9F43-F4EC9C264E38}"
EndProject
Project("{8BC9CEB8-8B4A-11D0-8D11-00A0C91BC942}") = "Marmalade2015", "Marmalade\Marmalade2015.vcxproj", "{15C8C73F-6244-4BFC-9AB2-BB7DCF698836}"
EndProject
Project("{8BC9CEB8-8B4A-11D0-8D11-00A0C91BC942}") = "MikanMovie2015", "MikanMovie\MikanMovie2015.vcxproj", "{08E8AB01-4983-4DBE-A086-D4E0F0C4B390}"
EndProject
Project("{8BC9CEB8-8B4A-11D0-8D11-00A0C91BC942}") = "MikanSocket2015", "MikanSocket\MikanSocket2015.vcxproj", "{FF35BC03-06CA-45A5-A617-074F02196A73}"
EndProject
Project("{8BC9CEB8-8B4A-11D0-8D11-00A0C91BC942}") = "MikanNetwork2015", "MikanNetwork\MikanNetwork2015.vcxproj", "{5FE33CF0-0D45-4362-B47C-62FD817D78B2}"
EndProject
Project("{8BC9CEB8-8B4A-11D0-8D11-00A0C91BC942}") = "MikanSound2015", "MikanSound\MikanSound2015.vcxproj", "{4637E910-5DAE-4FFB-8819-534274BF9D77}"
EndProject
Project("{8BC9CEB8-8B4A-11D0-8D11-00A0C91BC942}") = "Window2015", "Window\Window2015.vcxproj", "{CC943648-FD95-48C5-B640-68E1C9A85246}"
EndProject
Project("{8BC9CEB8-8B4A-11D0-8D11-00A0C91BC942}") = "MikanLibrary2015", "MikanLibrary\MikanLibrary2015.vcxproj", "{FD6D1C24-61C4-47DF-89CF-C59BC4840F4A}"
EndProject
Global
	GlobalSection(SolutionConfigurationPlatforms) = preSolution
		Debug|x64 = Debug|x64
		Debug|x86 = Debug|x86
		DevDebug|x64 = DevDebug|x64
		DevDebug|x86 = DevDebug|x86
		DevRelease|x64 = DevRelease|x64
		DevRelease|x86 = DevRelease|x86
		Release|x64 = Release|x64
		Release|x86 = Release|x86
	EndGlobalSection
	GlobalSection(ProjectConfigurationPlatforms) = postSolution
		{8DEB0BA4-A863-4445-BFD9-9BB0CE53F6C3}.Debug|x64.ActiveCfg = Debug|x64
		{8DEB0BA4-A863-4445-BFD9-9BB0CE53F6C3}.Debug|x64.Build.0 = Debug|x64
		{8DEB0BA4-A863-4445-BFD9-9BB0CE53F6C3}.Debug|x86.ActiveCfg = Debug|Win32
		{8DEB0BA4-A863-4445-BFD9-9BB0CE53F6C3}.Debug|x86.Build.0 = Debug|Win32
		{8DEB0BA4-A863-4445-BFD9-9BB0CE53F6C3}.DevDebug|x64.ActiveCfg = DevDebug|x64
		{8DEB0BA4-A863-4445-BFD9-9BB0CE53F6C3}.DevDebug|x64.Build.0 = DevDebug|x64
		{8DEB0BA4-A863-4445-BFD9-9BB0CE53F6C3}.DevDebug|x86.ActiveCfg = DevDebug|Win32
		{8DEB0BA4-A863-4445-BFD9-9BB0CE53F6C3}.DevDebug|x86.Build.0 = DevDebug|Win32
		{8DEB0BA4-A863-4445-BFD9-9BB0CE53F6C3}.DevRelease|x64.ActiveCfg = DevRelease|x64
		{8DEB0BA4-A863-4445-BFD9-9BB0CE53F6C3}.DevRelease|x64.Build.0 = DevRelease|x64
		{8DEB0BA4-A863-4445-BFD9-9BB0CE53F6C3}.DevRelease|x86.ActiveCfg = DevRelease|Win32
		{8DEB0BA4-A863-4445-BFD9-9BB0CE53F6C3}.DevRelease|x86.Build.0 = DevRelease|Win32
		{8DEB0BA4-A863-4445-BFD9-9BB0CE53F6C3}.Release|x64.ActiveCfg = Release|x64
		{8DEB0BA4-A863-4445-BFD9-9BB0CE53F6C3}.Release|x64.Build.0 = Release|x64
		{8DEB0BA4-A863-4445-BFD9-9BB0CE53F6C3}.Release|x86.ActiveCfg = Release|Win32
		{8DEB0BA4-A863-4445-BFD9-9BB0CE53F6C3}.Release|x86.Build.0 = Release|Win32
		{646B3999-5393-4BA0-83B0-389D2C685AD3}.Debug|x64.ActiveCfg = Debug|x64
		{646B3999-5393-4BA0-83B0-389D2C685AD3}.Debug|x64.Build.0 = Debug|x64
		{646B3999-5393-4BA0-83B0-389D2C685AD3}.Debug|x86.ActiveCfg = Debug|Win32
		{646B3999-5393-4BA0-83B0-389D2C685AD3}.Debug|x86.Build.0 = Debug|Win32
		{646B3999-5393-4BA0-83B0-389D2C685AD3}.DevDebug|x64.ActiveCfg = DevDebug|x64
		{646B3999-5393-4BA0-83B0-389D2C685AD3}.DevDebug|x64.Build.0 = DevDebug|x64
		{646B3999-5393-4BA0-83B0-389D2C685AD3}.DevDebug|x86.ActiveCfg = DevDebug|Win32
		{646B3999-5393-4BA0-83B0-389D2C685AD3}.DevDebug|x86.Build.0 = DevDebug|Win32
		{646B3999-5393-4BA0-83B0-389D2C685AD3}.DevRelease|x64.ActiveCfg = DevRelease|x64
		{646B3999-5393-4BA0-83B0-389D2C685AD3}.DevRelease|x64.Build.0 = DevRelease|x64
		{646B3999-5393-4BA0-83B0-389D2C685AD3}.DevRelease|x86.ActiveCfg = DevRelease|Win32
		{646B3999-5393-4BA0-83B0-389D2C685AD3}.DevRelease|x86.Build.0 = DevRelease|Win32
		{646B3999-5393-4BA0-83B0-389D2C685AD3}.Release|x64.ActiveCfg = Release|x64
		{646B3999-5393-4BA0-83B0-389D2C685AD3}.Release|x64.Build.0 = Release|x64
		{646B3999-5393-4BA0-83B0-389D2C685AD3}.Release|x86.ActiveCfg = Release|Win32
		{646B3999-5393-4BA0-83B0-389D2C685AD3}.Release|x86.Build.0 = Release|Win32
		{23B84096-715F-4ECE-A2DD-13D3140C4847}.Debug|x64.ActiveCfg = Debug|x64
		{23B84096-715F-4ECE-A2DD-13D3140C4847}.Debug|x64.Build.0 = Debug|x64
		{23B84096-715F-4ECE-A2DD-13D3140C4847}.Debug|x86.ActiveCfg = Debug|Win32
		{23B84096-715F-4ECE-A2DD-13D3140C4847}.Debug|x86.Build.0 = Debug|Win32
		{23B84096-715F-4ECE-A2DD-13D3140C4847}.DevDebug|x64.ActiveCfg = Debug|x64
		{23B84096-715F-4ECE-A2DD-13D3140C4847}.DevDebug|x64.Build.0 = Debug|x64
		{23B84096-715F-4ECE-A2DD-13D3140C4847}.DevDebug|x86.ActiveCfg = DevDebug|Win32
		{23B84096-715F-4ECE-A2DD-13D3140C4847}.DevDebug|x86.Build.0 = DevDebug|Win32
		{23B84096-715F-4ECE-A2DD-13D3140C4847}.DevRelease|x64.ActiveCfg = Release|x64
		{23B84096-715F-4ECE-A2DD-13D3140C4847}.DevRelease|x64.Build.0 = Release|x64
		{23B84096-715F-4ECE-A2DD-13D3140C4847}.DevRelease|x86.ActiveCfg = DevRelease|Win32
		{23B84096-715F-4ECE-A2DD-13D3140C4847}.DevRelease|x86.Build.0 = DevRelease|Win32
		{23B84096-715F-4ECE-A2DD-13D3140C4847}.Release|x64.ActiveCfg = Release|x64
		{23B84096-715F-4ECE-A2DD-13D3140C4847}.Release|x64.Build.0 = Release|x64
		{23B84096-715F-4ECE-A2DD-13D3140C4847}.Release|x86.ActiveCfg = Release|Win32
		{23B84096-715F-4ECE-A2DD-13D3140C4847}.Release|x86.Build.0 = Release|Win32
		{E9791260-AD10-4186-9A7F-77579BA8D27E}.Debug|x64.ActiveCfg = Debug|x64
		{E9791260-AD10-4186-9A7F-77579BA8D27E}.Debug|x64.Build.0 = Debug|x64
		{E9791260-AD10-4186-9A7F-77579BA8D27E}.Debug|x86.ActiveCfg = Debug|Win32
		{E9791260-AD10-4186-9A7F-77579BA8D27E}.Debug|x86.Build.0 = Debug|Win32
		{E9791260-AD10-4186-9A7F-77579BA8D27E}.DevDebug|x64.ActiveCfg = Debug|x64
		{E9791260-AD10-4186-9A7F-77579BA8D27E}.DevDebug|x64.Build.0 = Debug|x64
		{E9791260-AD10-4186-9A7F-77579BA8D27E}.DevDebug|x86.ActiveCfg = DevDebug|Win32
		{E9791260-AD10-4186-9A7F-77579BA8D27E}.DevDebug|x86.Build.0 = DevDebug|Win32
		{E9791260-AD10-4186-9A7F-77579BA8D27E}.DevRelease|x64.ActiveCfg = Release|x64
		{E9791260-AD10-4186-9A7F-77579BA8D27E}.DevRelease|x64.Build.0 = Release|x64
		{E9791260-AD10-4186-9A7F-77579BA8D27E}.DevRelease|x86.ActiveCfg = DevRelease|Win32
		{E9791260-AD10-4186-9A7F-77579BA8D27E}.DevRelease|x86.Build.0 = DevRelease|Win32
		{E9791260-AD10-4186-9A7F-77579BA8D27E}.Release|x64.ActiveCfg = Release|x64
		{E9791260-AD10-4186-9A7F-77579BA8D27E}.Release|x64.Build.0 = Release|x64
		{E9791260-AD10-4186-9A7F-77579BA8D27E}.Release|x86.ActiveCfg = Release|Win32
		{E9791260-AD10-4186-9A7F-77579BA8D27E}.Release|x86.Build.0 = Release|Win32
		{CC84F263-17C6-4CD4-9F43-F4EC9C264E38}.Debug|x64.ActiveCfg = Debug|x64
		{CC84F263-17C6-4CD4-9F43-F4EC9C264E38}.Debug|x64.Build.0 = Debug|x64
		{CC84F263-17C6-4CD4-9F43-F4EC9C264E38}.Debug|x86.ActiveCfg = Debug|Win32
		{CC84F263-17C6-4CD4-9F43-F4EC9C264E38}.Debug|x86.Build.0 = Debug|Win32
		{CC84F263-17C6-4CD4-9F43-F4EC9C264E38}.DevDebug|x64.ActiveCfg = Debug|x64
		{CC84F263-17C6-4CD4-9F43-F4EC9C264E38}.DevDebug|x64.Build.0 = Debug|x64
		{CC84F263-17C6-4CD4-9F43-F4EC9C264E38}.DevDebug|x86.ActiveCfg = DevDebug|Win32
		{CC84F263-17C6-4CD4-9F43-F4EC9C264E38}.DevDebug|x86.Build.0 = DevDebug|Win32
		{CC84F263-17C6-4CD4-9F43-F4EC9C264E38}.DevRelease|x64.ActiveCfg = Release|x64
		{CC84F263-17C6-4CD4-9F43-F4EC9C264E38}.DevRelease|x64.Build.0 = Release|x64
		{CC84F263-17C6-4CD4-9F43-F4EC9C264E38}.DevRelease|x86.ActiveCfg = DevRelease|Win32
		{CC84F263-17C6-4CD4-9F43-F4EC9C264E38}.DevRelease|x86.Build.0 = DevRelease|Win32
		{CC84F263-17C6-4CD4-9F43-F4EC9C264E38}.Release|x64.ActiveCfg = Release|x64
		{CC84F263-17C6-4CD4-9F43-F4EC9C264E38}.Release|x64.Build.0 = Release|x64
		{CC84F263-17C6-4CD4-9F43-F4EC9C264E38}.Release|x86.ActiveCfg = Release|Win32
		{CC84F263-17C6-4CD4-9F43-F4EC9C264E38}.Release|x86.Build.0 = Release|Win32
		{15C8C73F-6244-4BFC-9AB2-BB7DCF698836}.Debug|x64.ActiveCfg = Debug|x64
		{15C8C73F-6244-4BFC-9AB2-BB7DCF698836}.Debug|x64.Build.0 = Debug|x64
		{15C8C73F-6244-4BFC-9AB2-BB7DCF698836}.Debug|x86.ActiveCfg = Debug|Win32
		{15C8C73F-6244-4BFC-9AB2-BB7DCF698836}.Debug|x86.Build.0 = Debug|Win32
		{15C8C73F-6244-4BFC-9AB2-BB7DCF698836}.DevDebug|x64.ActiveCfg = Debug|x64
		{15C8C73F-6244-4BFC-9AB2-BB7DCF698836}.DevDebug|x64.Build.0 = Debug|x64
		{15C8C73F-6244-4BFC-9AB2-BB7DCF698836}.DevDebug|x86.ActiveCfg = DevDebug|Win32
		{15C8C73F-6244-4BFC-9AB2-BB7DCF698836}.DevDebug|x86.Build.0 = DevDebug|Win32
		{15C8C73F-6244-4BFC-9AB2-BB7DCF698836}.DevRelease|x64.ActiveCfg = Release|x64
		{15C8C73F-6244-4BFC-9AB2-BB7DCF698836}.DevRelease|x64.Build.0 = Release|x64
		{15C8C73F-6244-4BFC-9AB2-BB7DCF698836}.DevRelease|x86.ActiveCfg = DevRelease|Win32
		{15C8C73F-6244-4BFC-9AB2-BB7DCF698836}.DevRelease|x86.Build.0 = DevRelease|Win32
		{15C8C73F-6244-4BFC-9AB2-BB7DCF698836}.Release|x64.ActiveCfg = Release|x64
		{15C8C73F-6244-4BFC-9AB2-BB7DCF698836}.Release|x64.Build.0 = Release|x64
		{15C8C73F-6244-4BFC-9AB2-BB7DCF698836}.Release|x86.ActiveCfg = Release|Win32
		{15C8C73F-6244-4BFC-9AB2-BB7DCF698836}.Release|x86.Build.0 = Release|Win32
		{08E8AB01-4983-4DBE-A086-D4E0F0C4B390}.Debug|x64.ActiveCfg = Debug|x64
		{08E8AB01-4983-4DBE-A086-D4E0F0C4B390}.Debug|x64.Build.0 = Debug|x64
		{08E8AB01-4983-4DBE-A086-D4E0F0C4B390}.Debug|x86.ActiveCfg = Debug|Win32
		{08E8AB01-4983-4DBE-A086-D4E0F0C4B390}.Debug|x86.Build.0 = Debug|Win32
		{08E8AB01-4983-4DBE-A086-D4E0F0C4B390}.DevDebug|x64.ActiveCfg = Debug|x64
		{08E8AB01-4983-4DBE-A086-D4E0F0C4B390}.DevDebug|x64.Build.0 = Debug|x64
		{08E8AB01-4983-4DBE-A086-D4E0F0C4B390}.DevDebug|x86.ActiveCfg = DevDebug|Win32
		{08E8AB01-4983-4DBE-A086-D4E0F0C4B390}.DevDebug|x86.Build.0 = DevDebug|Win32
		{08E8AB01-4983-4DBE-A086-D4E0F0C4B390}.DevRelease|x64.ActiveCfg = Release|x64
		{08E8AB01-4983-4DBE-A086-D4E0F0C4B390}.DevRelease|x64.Build.0 = Release|x64
		{08E8AB01-4983-4DBE-A086-D4E0F0C4B390}.DevRelease|x86.ActiveCfg = DevRelease|Win32
		{08E8AB01-4983-4DBE-A086-D4E0F0C4B390}.DevRelease|x86.Build.0 = DevRelease|Win32
		{08E8AB01-4983-4DBE-A086-D4E0F0C4B390}.Release|x64.ActiveCfg = Release|x64
		{08E8AB01-4983-4DBE-A086-D4E0F0C4B390}.Release|x64.Build.0 = Release|x64
		{08E8AB01-4983-4DBE-A086-D4E0F0C4B390}.Release|x86.ActiveCfg = Release|Win32
		{08E8AB01-4983-4DBE-A086-D4E0F0C4B390}.Release|x86.Build.0 = Release|Win32
		{FF35BC03-06CA-45A5-A617-074F02196A73}.Debug|x64.ActiveCfg = Debug|x64
		{FF35BC03-06CA-45A5-A617-074F02196A73}.Debug|x64.Build.0 = Debug|x64
		{FF35BC03-06CA-45A5-A617-074F02196A73}.Debug|x86.ActiveCfg = Debug|Win32
		{FF35BC03-06CA-45A5-A617-074F02196A73}.Debug|x86.Build.0 = Debug|Win32
		{FF35BC03-06CA-45A5-A617-074F02196A73}.DevDebug|x64.ActiveCfg = Debug|x64
		{FF35BC03-06CA-45A5-A617-074F02196A73}.DevDebug|x64.Build.0 = Debug|x64
		{FF35BC03-06CA-45A5-A617-074F02196A73}.DevDebug|x86.ActiveCfg = DevDebug|Win32
		{FF35BC03-06CA-45A5-A617-074F02196A73}.DevDebug|x86.Build.0 = DevDebug|Win32
		{FF35BC03-06CA-45A5-A617-074F02196A73}.DevRelease|x64.ActiveCfg = Release|x64
		{FF35BC03-06CA-45A5-A617-074F02196A73}.DevRelease|x64.Build.0 = Release|x64
		{FF35BC03-06CA-45A5-A617-074F02196A73}.DevRelease|x86.ActiveCfg = DevRelease|Win32
		{FF35BC03-06CA-45A5-A617-074F02196A73}.DevRelease|x86.Build.0 = DevRelease|Win32
		{FF35BC03-06CA-45A5-A617-074F02196A73}.Release|x64.ActiveCfg = Release|x64
		{FF35BC03-06CA-45A5-A617-074F02196A73}.Release|x64.Build.0 = Release|x64
		{FF35BC03-06CA-45A5-A617-074F02196A73}.Release|x86.ActiveCfg = Release|Win32
		{FF35BC03-06CA-45A5-A617-074F02196A73}.Release|x86.Build.0 = Release|Win32
		{5FE33CF0-0D45-4362-B47C-62FD817D78B2}.Debug|x64.ActiveCfg = Debug|x64
		{5FE33CF0-0D45-4362-B47C-62FD817D78B2}.Debug|x64.Build.0 = Debug|x64
		{5FE33CF0-0D45-4362-B47C-62FD817D78B2}.Debug|x86.ActiveCfg = Debug|Win32
		{5FE33CF0-0D45-4362-B47C-62FD817D78B2}.Debug|x86.Build.0 = Debug|Win32
		{5FE33CF0-0D45-4362-B47C-62FD817D78B2}.DevDebug|x64.ActiveCfg = Debug|x64
		{5FE33CF0-0D45-4362-B47C-62FD817D78B2}.DevDebug|x64.Build.0 = Debug|x64
		{5FE33CF0-0D45-4362-B47C-62FD817D78B2}.DevDebug|x86.ActiveCfg = DevDebug|Win32
		{5FE33CF0-0D45-4362-B47C-62FD817D78B2}.DevDebug|x86.Build.0 = DevDebug|Win32
		{5FE33CF0-0D45-4362-B47C-62FD817D78B2}.DevRelease|x64.ActiveCfg = Release|x64
		{5FE33CF0-0D45-4362-B47C-62FD817D78B2}.DevRelease|x64.Build.0 = Release|x64
		{5FE33CF0-0D45-4362-B47C-62FD817D78B2}.DevRelease|x86.ActiveCfg = DevRelease|Win32
		{5FE33CF0-0D45-4362-B47C-62FD817D78B2}.DevRelease|x86.Build.0 = DevRelease|Win32
		{5FE33CF0-0D45-4362-B47C-62FD817D78B2}.Release|x64.ActiveCfg = Release|x64
		{5FE33CF0-0D45-4362-B47C-62FD817D78B2}.Release|x64.Build.0 = Release|x64
		{5FE33CF0-0D45-4362-B47C-62FD817D78B2}.Release|x86.ActiveCfg = Release|Win32
		{5FE33CF0-0D45-4362-B47C-62FD817D78B2}.Release|x86.Build.0 = Release|Win32
		{4637E910-5DAE-4FFB-8819-534274BF9D77}.Debug|x64.ActiveCfg = Debug|x64
		{4637E910-5DAE-4FFB-8819-534274BF9D77}.Debug|x64.Build.0 = Debug|x64
		{4637E910-5DAE-4FFB-8819-534274BF9D77}.Debug|x86.ActiveCfg = Debug|Win32
		{4637E910-5DAE-4FFB-8819-534274BF9D77}.Debug|x86.Build.0 = Debug|Win32
		{4637E910-5DAE-4FFB-8819-534274BF9D77}.DevDebug|x64.ActiveCfg = Debug|x64
		{4637E910-5DAE-4FFB-8819-534274BF9D77}.DevDebug|x64.Build.0 = Debug|x64
		{4637E910-5DAE-4FFB-8819-534274BF9D77}.DevDebug|x86.ActiveCfg = DevDebug|Win32
		{4637E910-5DAE-4FFB-8819-534274BF9D77}.DevDebug|x86.Build.0 = DevDebug|Win32
		{4637E910-5DAE-4FFB-8819-534274BF9D77}.DevRelease|x64.ActiveCfg = Release|x64
		{4637E910-5DAE-4FFB-8819-534274BF9D77}.DevRelease|x64.Build.0 = Release|x64
		{4637E910-5DAE-4FFB-8819-534274BF9D77}.DevRelease|x86.ActiveCfg = DevRelease|Win32
		{4637E910-5DAE-4FFB-8819-534274BF9D77}.DevRelease|x86.Build.0 = DevRelease|Win32
		{4637E910-5DAE-4FFB-8819-534274BF9D77}.Release|x64.ActiveCfg = Release|x64
		{4637E910-5DAE-4FFB-8819-534274BF9D77}.Release|x64.Build.0 = Release|x64
		{4637E910-5DAE-4FFB-8819-534274BF9D77}.Release|x86.ActiveCfg = Release|Win32
		{4637E910-5DAE-4FFB-8819-534274BF9D77}.Release|x86.Build.0 = Release|Win32
		{CC943648-FD95-48C5-B640-68E1C9A85246}.Debug|x64.ActiveCfg = Debug|x64
		{CC943648-FD95-48C5-B640-68E1C9A85246}.Debug|x64.Build.0 = Debug|x64
		{CC943648-FD95-48C5-B640-68E1C9A85246}.Debug|x86.ActiveCfg = Debug|Win32
		{CC943648-FD95-48C5-B640-68E1C9A85246}.Debug|x86.Build.0 = Debug|Win32
		{CC943648-FD95-48C5-B640-68E1C9A85246}.DevDebug|x64.ActiveCfg = Debug|x64
		{CC943648-FD95-48C5-B640-68E1C9A85246}.DevDebug|x64.Build.0 = Debug|x64
		{CC943648-FD95-48C5-B640-68E1C9A85246}.DevDebug|x86.ActiveCfg = DevDebug|Win32
		{CC943648-FD95-48C5-B640-68E1C9A85246}.DevDebug|x86.Build.0 = DevDebug|Win32
		{CC943648-FD95-48C5-B640-68E1C9A85246}.DevRelease|x64.ActiveCfg = Release|x64
		{CC943648-FD95-48C5-B640-68E1C9A85246}.DevRelease|x64.Build.0 = Release|x64
		{CC943648-FD95-48C5-B640-68E1C9A85246}.DevRelease|x86.ActiveCfg = DevRelease|Win32
		{CC943648-FD95-48C5-B640-68E1C9A85246}.DevRelease|x86.Build.0 = DevRelease|Win32
		{CC943648-FD95-48C5-B640-68E1C9A85246}.Release|x64.ActiveCfg = Release|x64
		{CC943648-FD95-48C5-B640-68E1C9A85246}.Release|x64.Build.0 = Release|x64
		{CC943648-FD95-48C5-B640-68E1C9A85246}.Release|x86.ActiveCfg = Release|Win32
		{CC943648-FD95-48C5-B640-68E1C9A85246}.Release|x86.Build.0 = Release|Win32
		{FD6D1C24-61C4-47DF-89CF-C59BC4840F4A}.Debug|x64.ActiveCfg = Debug|x64
		{FD6D1C24-61C4-47DF-89CF-C59BC4840F4A}.Debug|x64.Build.0 = Debug|x64
		{FD6D1C24-61C4-47DF-89CF-C59BC4840F4A}.Debug|x86.ActiveCfg = Debug|Win32
		{FD6D1C24-61C4-47DF-89CF-C59BC4840F4A}.Debug|x86.Build.0 = Debug|Win32
		{FD6D1C24-61C4-47DF-89CF-C59BC4840F4A}.DevDebug|x64.ActiveCfg = Debug|x64
		{FD6D1C24-61C4-47DF-89CF-C59BC4840F4A}.DevDebug|x64.Build.0 = Debug|x64
		{FD6D1C24-61C4-47DF-89CF-C59BC4840F4A}.DevDebug|x86.ActiveCfg = DevDebug|Win32
		{FD6D1C24-61C4-47DF-89CF-C59BC4840F4A}.DevDebug|x86.Build.0 = DevDebug|Win32
		{FD6D1C24-61C4-47DF-89CF-C59BC4840F4A}.DevRelease|x64.ActiveCfg = Release|x64
		{FD6D1C24-61C4-47DF-89CF-C59BC4840F4A}.DevRelease|x64.Build.0 = Release|x64
		{FD6D1C24-61C4-47DF-89CF-C59BC4840F4A}.DevRelease|x86.ActiveCfg = DevRelease|Win32
		{FD6D1C24-61C4-47DF-89CF-C59BC4840F4A}.DevRelease|x86.Build.0 = DevRelease|Win32
		{FD6D1C24-61C4-47DF-89CF-C59BC4840F4A}.Release|x64.ActiveCfg = Release|x64
		{FD6D1C24-61C4-47DF-89CF-C59BC4840F4A}.Release|x64.Build.0 = Release|x64
		{FD6D1C24-61C4-47DF-89CF-C59BC4840F4A}.Release|x86.ActiveCfg = Release|Win32
		{FD6D1C24-61C4-47DF-89CF-C59BC4840F4A}.Release|x86.Build.0 = Release|Win32
	EndGlobalSection
	GlobalSection(SolutionProperties) = preSolution
		HideSolutionNode = FALSE
	EndGlobalSection
EndGlobal
