
Microsoft Visual Studio Solution File, Format Version 12.00
# Visual Studio 14
VisualStudioVersion = 14.0.23107.0
MinimumVisualStudioVersion = 10.0.40219.1
Project("{8BC9CEB8-8B4A-11D0-8D11-00A0C91BC942}") = "MikanLib2015All", "MikanLib2015All.vcxproj", "{8DEB0BA4-A863-4445-BFD9-9BB0CE53F6C3}"
EndProject
Project("{8BC9CEB8-8B4A-11D0-8D11-00A0C91BC942}") = "DirectXDraw2015", "DirectXDraw\DirectXDraw2015.vcxproj", "{646B3999-5393-4BA0-83B0-389D2C685AD3}"
EndProject
Project("{8BC9CEB8-8B4A-11D0-8D11-00A0C91BC942}") = "DirectXInput", "DirectXInput\DirectXInput2015.vcxproj", "{23B84096-715F-4ECE-A2DD-13D3140C4847}"
EndProject
Global
	GlobalSection(SolutionConfigurationPlatforms) = preSolution
		Debug|x64 = Debug|x64
		Debug|x86 = Debug|x86
		DevDebug|x64 = DevDebug|x64
		DevDebug|x86 = DevDebug|x86
		DevRelease|x64 = DevRelease|x64
		DevRelease|x86 = DevRelease|x86
		Release|x64 = Release|x64
		Release|x86 = Release|x86
	EndGlobalSection
	GlobalSection(ProjectConfigurationPlatforms) = postSolution
		{8DEB0BA4-A863-4445-BFD9-9BB0CE53F6C3}.Debug|x64.ActiveCfg = Debug|x64
		{8DEB0BA4-A863-4445-BFD9-9BB0CE53F6C3}.Debug|x64.Build.0 = Debug|x64
		{8DEB0BA4-A863-4445-BFD9-9BB0CE53F6C3}.Debug|x86.ActiveCfg = Debug|Win32
		{8DEB0BA4-A863-4445-BFD9-9BB0CE53F6C3}.Debug|x86.Build.0 = Debug|Win32
		{8DEB0BA4-A863-4445-BFD9-9BB0CE53F6C3}.DevDebug|x64.ActiveCfg = DevDebug|x64
		{8DEB0BA4-A863-4445-BFD9-9BB0CE53F6C3}.DevDebug|x64.Build.0 = DevDebug|x64
		{8DEB0BA4-A863-4445-BFD9-9BB0CE53F6C3}.DevDebug|x86.ActiveCfg = DevDebug|Win32
		{8DEB0BA4-A863-4445-BFD9-9BB0CE53F6C3}.DevDebug|x86.Build.0 = DevDebug|Win32
		{8DEB0BA4-A863-4445-BFD9-9BB0CE53F6C3}.DevRelease|x64.ActiveCfg = Develease|x64
		{8DEB0BA4-A863-4445-BFD9-9BB0CE53F6C3}.DevRelease|x64.Build.0 = Develease|x64
		{8DEB0BA4-A863-4445-BFD9-9BB0CE53F6C3}.DevRelease|x86.ActiveCfg = Develease|Win32
		{8DEB0BA4-A863-4445-BFD9-9BB0CE53F6C3}.DevRelease|x86.Build.0 = Develease|Win32
		{8DEB0BA4-A863-4445-BFD9-9BB0CE53F6C3}.Release|x64.ActiveCfg = Release|x64
		{8DEB0BA4-A863-4445-BFD9-9BB0CE53F6C3}.Release|x64.Build.0 = Release|x64
		{8DEB0BA4-A863-4445-BFD9-9BB0CE53F6C3}.Release|x86.ActiveCfg = Release|Win32
		{8DEB0BA4-A863-4445-BFD9-9BB0CE53F6C3}.Release|x86.Build.0 = Release|Win32
		{646B3999-5393-4BA0-83B0-389D2C685AD3}.Debug|x64.ActiveCfg = Debug|x64
		{646B3999-5393-4BA0-83B0-389D2C685AD3}.Debug|x64.Build.0 = Debug|x64
		{646B3999-5393-4BA0-83B0-389D2C685AD3}.Debug|x86.ActiveCfg = Debug|Win32
		{646B3999-5393-4BA0-83B0-389D2C685AD3}.Debug|x86.Build.0 = Debug|Win32
		{646B3999-5393-4BA0-83B0-389D2C685AD3}.DevDebug|x64.ActiveCfg = DevDebug|x64
		{646B3999-5393-4BA0-83B0-389D2C685AD3}.DevDebug|x64.Build.0 = DevDebug|x64
		{646B3999-5393-4BA0-83B0-389D2C685AD3}.DevDebug|x86.ActiveCfg = DevDebug|Win32
		{646B3999-5393-4BA0-83B0-389D2C685AD3}.DevDebug|x86.Build.0 = DevDebug|Win32
		{646B3999-5393-4BA0-83B0-389D2C685AD3}.DevRelease|x64.ActiveCfg = DevRelease|x64
		{646B3999-5393-4BA0-83B0-389D2C685AD3}.DevRelease|x64.Build.0 = DevRelease|x64
		{646B3999-5393-4BA0-83B0-389D2C685AD3}.DevRelease|x86.ActiveCfg = DevRelease|Win32
		{646B3999-5393-4BA0-83B0-389D2C685AD3}.DevRelease|x86.Build.0 = DevRelease|Win32
		{646B3999-5393-4BA0-83B0-389D2C685AD3}.Release|x64.ActiveCfg = Release|x64
		{646B3999-5393-4BA0-83B0-389D2C685AD3}.Release|x64.Build.0 = Release|x64
		{646B3999-5393-4BA0-83B0-389D2C685AD3}.Release|x86.ActiveCfg = Release|Win32
		{646B3999-5393-4BA0-83B0-389D2C685AD3}.Release|x86.Build.0 = Release|Win32
		{23B84096-715F-4ECE-A2DD-13D3140C4847}.Debug|x64.ActiveCfg = Debug|x64
		{23B84096-715F-4ECE-A2DD-13D3140C4847}.Debug|x64.Build.0 = Debug|x64
		{23B84096-715F-4ECE-A2DD-13D3140C4847}.Debug|x86.ActiveCfg = Debug|Win32
		{23B84096-715F-4ECE-A2DD-13D3140C4847}.Debug|x86.Build.0 = Debug|Win32
		{23B84096-715F-4ECE-A2DD-13D3140C4847}.DevDebug|x64.ActiveCfg = Debug|x64
		{23B84096-715F-4ECE-A2DD-13D3140C4847}.DevDebug|x64.Build.0 = Debug|x64
		{23B84096-715F-4ECE-A2DD-13D3140C4847}.DevDebug|x86.ActiveCfg = DevDebug|Win32
		{23B84096-715F-4ECE-A2DD-13D3140C4847}.DevDebug|x86.Build.0 = DevDebug|Win32
		{23B84096-715F-4ECE-A2DD-13D3140C4847}.DevRelease|x64.ActiveCfg = Release|x64
		{23B84096-715F-4ECE-A2DD-13D3140C4847}.DevRelease|x64.Build.0 = Release|x64
		{23B84096-715F-4ECE-A2DD-13D3140C4847}.DevRelease|x86.ActiveCfg = DevRelease|Win32
		{23B84096-715F-4ECE-A2DD-13D3140C4847}.DevRelease|x86.Build.0 = DevRelease|Win32
		{23B84096-715F-4ECE-A2DD-13D3140C4847}.Release|x64.ActiveCfg = Release|x64
		{23B84096-715F-4ECE-A2DD-13D3140C4847}.Release|x64.Build.0 = Release|x64
		{23B84096-715F-4ECE-A2DD-13D3140C4847}.Release|x86.ActiveCfg = Release|Win32
		{23B84096-715F-4ECE-A2DD-13D3140C4847}.Release|x86.Build.0 = Release|Win32
	EndGlobalSection
	GlobalSection(SolutionProperties) = preSolution
		HideSolutionNode = FALSE
	EndGlobalSection
EndGlobal
